
Microsoft Visual Studio Solution File, Format Version 12.00
# Visual Studio Version 17
VisualStudioVersion = 17.8.34511.84
MinimumVisualStudioVersion = 10.0.40219.1
Project("{8BC9CEB8-8B4A-11D0-8D11-00A0C91BC942}") = "NX-Finder", "NX-Finder.vcxproj", "{796D60EE-26B0-44CA-A1B5-629F4223E33B}"
EndProject
Global
	GlobalSection(SolutionConfigurationPlatforms) = preSolution
		Debug|x64 = Debug|x64
		Debug|x86 = Debug|x86
		Release|x64 = Release|x64
		Release|x86 = Release|x86
	EndGlobalSection
	GlobalSection(ProjectConfigurationPlatforms) = postSolution
		{796D60EE-26B0-44CA-A1B5-629F4223E33B}.Debug|x64.ActiveCfg = Debug|x64
		{796D60EE-26B0-44CA-A1B5-629F4223E33B}.Debug|x64.Build.0 = Debug|x64
		{796D60EE-26B0-44CA-A1B5-629F4223E33B}.Debug|x86.ActiveCfg = Debug|Win32
		{796D60EE-26B0-44CA-A1B5-629F4223E33B}.Debug|x86.Build.0 = Debug|Win32
		{796D60EE-26B0-44CA-A1B5-629F4223E33B}.Release|x64.ActiveCfg = Release|x64
		{796D60EE-26B0-44CA-A1B5-629F4223E33B}.Release|x64.Build.0 = Release|x64
		{796D60EE-26B0-44CA-A1B5-629F4223E33B}.Release|x86.ActiveCfg = Release|Win32
		{796D60EE-26B0-44CA-A1B5-629F4223E33B}.Release|x86.Build.0 = Release|Win32
	EndGlobalSection
	GlobalSection(SolutionProperties) = preSolution
		HideSolutionNode = FALSE
	EndGlobalSection
	GlobalSection(ExtensibilityGlobals) = postSolution
		SolutionGuid = {811F364F-1A8E-4D80-8098-BE5D76F0D648}
	EndGlobalSection
EndGlobal
